
Microsoft Visual Studio Solution File, Format Version 12.00
Project("{FAE04EC0-301F-11D3-BF4B-00C04F79EFBC}") = "Ex01", "Ex01\Ex01.csproj", "{C804E775-6511-4768-BA09-00DA8FD6719C}"
EndProject
Project("{FAE04EC0-301F-11D3-BF4B-00C04F79EFBC}") = "CommandLineProject", "CommandLineProject\CommandLineProject.csproj", "{AE6887A6-4409-4C55-B480-B07AFCD4EE88}"
EndProject
Project("{FAE04EC0-301F-11D3-BF4B-00C04F79EFBC}") = "Ex02", "Ex02\Ex02.csproj", "{BB1133C4-A776-426E-87AD-2E096616004F}"
EndProject
Project("{FAE04EC0-301F-11D3-BF4B-00C04F79EFBC}") = "Common", "Common\Common.csproj", "{9A71A708-EBB0-4034-80CE-0047C6BA334E}"
EndProject
Global
	GlobalSection(SolutionConfigurationPlatforms) = preSolution
		Debug|Any CPU = Debug|Any CPU
		Release|Any CPU = Release|Any CPU
	EndGlobalSection
	GlobalSection(ProjectConfigurationPlatforms) = postSolution
		{C804E775-6511-4768-BA09-00DA8FD6719C}.Debug|Any CPU.ActiveCfg = Debug|Any CPU
		{C804E775-6511-4768-BA09-00DA8FD6719C}.Debug|Any CPU.Build.0 = Debug|Any CPU
		{C804E775-6511-4768-BA09-00DA8FD6719C}.Release|Any CPU.ActiveCfg = Release|Any CPU
		{C804E775-6511-4768-BA09-00DA8FD6719C}.Release|Any CPU.Build.0 = Release|Any CPU
		{AE6887A6-4409-4C55-B480-B07AFCD4EE88}.Debug|Any CPU.ActiveCfg = Debug|Any CPU
		{AE6887A6-4409-4C55-B480-B07AFCD4EE88}.Debug|Any CPU.Build.0 = Debug|Any CPU
		{AE6887A6-4409-4C55-B480-B07AFCD4EE88}.Release|Any CPU.ActiveCfg = Release|Any CPU
		{AE6887A6-4409-4C55-B480-B07AFCD4EE88}.Release|Any CPU.Build.0 = Release|Any CPU
		{BB1133C4-A776-426E-87AD-2E096616004F}.Debug|Any CPU.ActiveCfg = Debug|Any CPU
		{BB1133C4-A776-426E-87AD-2E096616004F}.Debug|Any CPU.Build.0 = Debug|Any CPU
		{BB1133C4-A776-426E-87AD-2E096616004F}.Release|Any CPU.ActiveCfg = Release|Any CPU
		{BB1133C4-A776-426E-87AD-2E096616004F}.Release|Any CPU.Build.0 = Release|Any CPU
		{9A71A708-EBB0-4034-80CE-0047C6BA334E}.Debug|Any CPU.ActiveCfg = Debug|Any CPU
		{9A71A708-EBB0-4034-80CE-0047C6BA334E}.Debug|Any CPU.Build.0 = Debug|Any CPU
		{9A71A708-EBB0-4034-80CE-0047C6BA334E}.Release|Any CPU.ActiveCfg = Release|Any CPU
		{9A71A708-EBB0-4034-80CE-0047C6BA334E}.Release|Any CPU.Build.0 = Release|Any CPU
	EndGlobalSection
EndGlobal
